Microsoft Visual Studio Solution File, Format Version 11.00
# Visual Studio 2008

Project("{5D21D9B8-5B3C-1CE4-7530-B9C02A5B2EDF}") = "WinterBreak", "Assembly-CSharp.csproj", "{8A0DA965-3A22-9AF2-058F-5D05B96DA2D5}"
EndProject
Project("{5D21D9B8-5B3C-1CE4-7530-B9C02A5B2EDF}") = "WinterBreak", "Assembly-CSharp-Editor.csproj", "{F30CD9BB-CFCD-B1EF-D7B5-9A9799377911}"
EndProject
Global
	GlobalSection(SolutionConfigurationPlatforms) = preSolution
		Debug|Any CPU = Debug|Any CPU
		Release|Any CPU = Release|Any CPU
	EndGlobalSection
	GlobalSection(ProjectConfigurationPlatforms) = postSolution
		{8A0DA965-3A22-9AF2-058F-5D05B96DA2D5}.Debug|Any CPU.ActiveCfg = Debug|Any CPU
		{8A0DA965-3A22-9AF2-058F-5D05B96DA2D5}.Debug|Any CPU.Build.0 = Debug|Any CPU
		{8A0DA965-3A22-9AF2-058F-5D05B96DA2D5}.Release|Any CPU.ActiveCfg = Release|Any CPU
		{8A0DA965-3A22-9AF2-058F-5D05B96DA2D5}.Release|Any CPU.Build.0 = Release|Any CPU
		{F30CD9BB-CFCD-B1EF-D7B5-9A9799377911}.Debug|Any CPU.ActiveCfg = Debug|Any CPU
		{F30CD9BB-CFCD-B1EF-D7B5-9A9799377911}.Debug|Any CPU.Build.0 = Debug|Any CPU
		{F30CD9BB-CFCD-B1EF-D7B5-9A9799377911}.Release|Any CPU.ActiveCfg = Release|Any CPU
		{F30CD9BB-CFCD-B1EF-D7B5-9A9799377911}.Release|Any CPU.Build.0 = Release|Any CPU
	EndGlobalSection
	GlobalSection(SolutionProperties) = preSolution
		HideSolutionNode = FALSE
	EndGlobalSection
	GlobalSection(MonoDevelopProperties) = preSolution
		StartupItem = Assembly-CSharp.csproj
	EndGlobalSection
EndGlobal
